
Microsoft Visual Studio Solution File, Format Version 12.00
# Visual Studio Version 17
VisualStudioVersion = 17.14.36127.28
MinimumVisualStudioVersion = 10.0.40219.1
Project("{FAE04EC0-301F-11D3-BF4B-00C04F79EFBC}") = "MauiDemo", "MauiDemo\MauiDemo.csproj", "{9B343C51-1064-44FA-99E1-F986CFC5538A}"
EndProject
Project("{FAE04EC0-301F-11D3-BF4B-00C04F79EFBC}") = "MauiControls", "MauiControls\MauiControls.csproj", "{15E53BD5-CD65-4892-8570-621F3DEF4D20}"
EndProject
Project("{FAE04EC0-301F-11D3-BF4B-00C04F79EFBC}") = "MauiDataBinding", "MauiDataBinding\MauiDataBinding.csproj", "{9957B190-B984-4EE2-A81C-BAD275C8BE9F}"
EndProject
Project("{FAE04EC0-301F-11D3-BF4B-00C04F79EFBC}") = "Hangman", "Hangman\Hangman.csproj", "{ADCF15FF-FA53-4267-8DCF-07D90FC1FBE8}"
EndProject
Project("{FAE04EC0-301F-11D3-BF4B-00C04F79EFBC}") = "MauiResources", "MauiResources\MauiResources.csproj", "{50D13D10-0B2C-4052-8FDC-AC72978E11EC}"
EndProject
Project("{FAE04EC0-301F-11D3-BF4B-00C04F79EFBC}") = "DividirConta", "DividirConta\DividirConta.csproj", "{756DB829-8CB8-4C22-B256-DD257BE7557B}"
EndProject
Global
	GlobalSection(SolutionConfigurationPlatforms) = preSolution
		Debug|Any CPU = Debug|Any CPU
		Release|Any CPU = Release|Any CPU
	EndGlobalSection
	GlobalSection(ProjectConfigurationPlatforms) = postSolution
		{9B343C51-1064-44FA-99E1-F986CFC5538A}.Debug|Any CPU.ActiveCfg = Debug|Any CPU
		{9B343C51-1064-44FA-99E1-F986CFC5538A}.Debug|Any CPU.Build.0 = Debug|Any CPU
		{9B343C51-1064-44FA-99E1-F986CFC5538A}.Debug|Any CPU.Deploy.0 = Debug|Any CPU
		{9B343C51-1064-44FA-99E1-F986CFC5538A}.Release|Any CPU.ActiveCfg = Release|Any CPU
		{9B343C51-1064-44FA-99E1-F986CFC5538A}.Release|Any CPU.Build.0 = Release|Any CPU
		{15E53BD5-CD65-4892-8570-621F3DEF4D20}.Debug|Any CPU.ActiveCfg = Debug|Any CPU
		{15E53BD5-CD65-4892-8570-621F3DEF4D20}.Debug|Any CPU.Build.0 = Debug|Any CPU
		{15E53BD5-CD65-4892-8570-621F3DEF4D20}.Debug|Any CPU.Deploy.0 = Debug|Any CPU
		{15E53BD5-CD65-4892-8570-621F3DEF4D20}.Release|Any CPU.ActiveCfg = Release|Any CPU
		{15E53BD5-CD65-4892-8570-621F3DEF4D20}.Release|Any CPU.Build.0 = Release|Any CPU
		{9957B190-B984-4EE2-A81C-BAD275C8BE9F}.Debug|Any CPU.ActiveCfg = Debug|Any CPU
		{9957B190-B984-4EE2-A81C-BAD275C8BE9F}.Debug|Any CPU.Build.0 = Debug|Any CPU
		{9957B190-B984-4EE2-A81C-BAD275C8BE9F}.Debug|Any CPU.Deploy.0 = Debug|Any CPU
		{9957B190-B984-4EE2-A81C-BAD275C8BE9F}.Release|Any CPU.ActiveCfg = Release|Any CPU
		{9957B190-B984-4EE2-A81C-BAD275C8BE9F}.Release|Any CPU.Build.0 = Release|Any CPU
		{ADCF15FF-FA53-4267-8DCF-07D90FC1FBE8}.Debug|Any CPU.ActiveCfg = Debug|Any CPU
		{ADCF15FF-FA53-4267-8DCF-07D90FC1FBE8}.Debug|Any CPU.Build.0 = Debug|Any CPU
		{ADCF15FF-FA53-4267-8DCF-07D90FC1FBE8}.Debug|Any CPU.Deploy.0 = Debug|Any CPU
		{ADCF15FF-FA53-4267-8DCF-07D90FC1FBE8}.Release|Any CPU.ActiveCfg = Release|Any CPU
		{ADCF15FF-FA53-4267-8DCF-07D90FC1FBE8}.Release|Any CPU.Build.0 = Release|Any CPU
		{50D13D10-0B2C-4052-8FDC-AC72978E11EC}.Debug|Any CPU.ActiveCfg = Debug|Any CPU
		{50D13D10-0B2C-4052-8FDC-AC72978E11EC}.Debug|Any CPU.Build.0 = Debug|Any CPU
		{50D13D10-0B2C-4052-8FDC-AC72978E11EC}.Debug|Any CPU.Deploy.0 = Debug|Any CPU
		{50D13D10-0B2C-4052-8FDC-AC72978E11EC}.Release|Any CPU.ActiveCfg = Release|Any CPU
		{50D13D10-0B2C-4052-8FDC-AC72978E11EC}.Release|Any CPU.Build.0 = Release|Any CPU
		{756DB829-8CB8-4C22-B256-DD257BE7557B}.Debug|Any CPU.ActiveCfg = Debug|Any CPU
		{756DB829-8CB8-4C22-B256-DD257BE7557B}.Debug|Any CPU.Build.0 = Debug|Any CPU
		{756DB829-8CB8-4C22-B256-DD257BE7557B}.Release|Any CPU.ActiveCfg = Release|Any CPU
		{756DB829-8CB8-4C22-B256-DD257BE7557B}.Release|Any CPU.Build.0 = Release|Any CPU
	EndGlobalSection
	GlobalSection(SolutionProperties) = preSolution
		HideSolutionNode = FALSE
	EndGlobalSection
	GlobalSection(ExtensibilityGlobals) = postSolution
		SolutionGuid = {35F336CA-6E31-4F59-8A47-06516EE85250}
	EndGlobalSection
EndGlobal
